// !$*UTF8*$!
{
	archiveVersion = 1;
	classes = {
	};
	objectVersion = 77;
	objects = {

/* Begin PBXBuildFile section */
		E91118AD2CD1A540007CE9B9 /* PinnedScrollView in Frameworks */ = {isa = PBXBuildFile; productRef = E91118AC2CD1A540007CE9B9 /* PinnedScrollView */; };
		E9285C982CD9EAB200074621 /* BigUIPaging in Frameworks */ = {isa = PBXBuildFile; productRef = E9285C972CD9EAB200074621 /* BigUIPaging */; };
		E9285C9E2CD9EC4500074621 /* BigUIPaging in Frameworks */ = {isa = PBXBuildFile; productRef = E9285C9D2CD9EC4500074621 /* BigUIPaging */; };
		E97169DD2CD9E8670002B1B4 /* BigUIPaging in Frameworks */ = {isa = PBXBuildFile; productRef = E97169DC2CD9E8670002B1B4 /* BigUIPaging */; };
		E97BA4C22CD9E6280032A892 /* BigUIPaging in Frameworks */ = {isa = PBXBuildFile; productRef = E97BA4C12CD9E6280032A892 /* BigUIPaging */; };
/* End PBXBuildFile section */

/* Begin PBXContainerItemProxy section */
		E9FEF7482CD152C30018E6F0 /* PBXContainerItemProxy */ = {
			isa = PBXContainerItemProxy;
			containerPortal = E9FEF72E2CD152C20018E6F0 /* Project object */;
			proxyType = 1;
			remoteGlobalIDString = E9FEF7352CD152C20018E6F0;
			remoteInfo = moedict2;
		};
		E9FEF7522CD152C30018E6F0 /* PBXContainerItemProxy */ = {
			isa = PBXContainerItemProxy;
			containerPortal = E9FEF72E2CD152C20018E6F0 /* Project object */;
			proxyType = 1;
			remoteGlobalIDString = E9FEF7352CD152C20018E6F0;
			remoteInfo = moedict2;
		};
/* End PBXContainerItemProxy section */

/* Begin PBXFileReference section */
		E9FEF7362CD152C20018E6F0 /* moedict2.app */ = {isa = PBXFileReference; explicitFileType = wrapper.application; includeInIndex = 0; path = moedict2.app; sourceTree = BUILT_PRODUCTS_DIR; };
		E9FEF7472CD152C30018E6F0 /* moedict2Tests.xctest */ = {isa = PBXFileReference; explicitFileType = wrapper.cfbundle; includeInIndex = 0; path = moedict2Tests.xctest; sourceTree = BUILT_PRODUCTS_DIR; };
		E9FEF7512CD152C30018E6F0 /* moedict2UITests.xctest */ = {isa = PBXFileReference; explicitFileType = wrapper.cfbundle; includeInIndex = 0; path = moedict2UITests.xctest; sourceTree = BUILT_PRODUCTS_DIR; };
/* End PBXFileReference section */

/* Begin PBXFileSystemSynchronizedBuildFileExceptionSet section */
		E91118AF2CD1B3B2007CE9B9 /* Exceptions for "moedict2" folder in "moedict2" target */ = {
			isa = PBXFileSystemSynchronizedBuildFileExceptionSet;
			membershipExceptions = (
				Info.plist,
			);
			target = E9FEF7352CD152C20018E6F0 /* moedict2 */;
		};
/* End PBXFileSystemSynchronizedBuildFileExceptionSet section */

/* Begin PBXFileSystemSynchronizedRootGroup section */
		E9FE7A2E2CD166C30032EDB8 /* Assets */ = {
			isa = PBXFileSystemSynchronizedRootGroup;
			path = Assets;
			sourceTree = "<group>";
		};
		E9FEF7382CD152C20018E6F0 /* moedict2 */ = {
			isa = PBXFileSystemSynchronizedRootGroup;
			exceptions = (
				E91118AF2CD1B3B2007CE9B9 /* Exceptions for "moedict2" folder in "moedict2" target */,
			);
			path = moedict2;
			sourceTree = "<group>";
		};
		E9FEF74A2CD152C30018E6F0 /* moedict2Tests */ = {
			isa = PBXFileSystemSynchronizedRootGroup;
			path = moedict2Tests;
			sourceTree = "<group>";
		};
		E9FEF7542CD152C30018E6F0 /* moedict2UITests */ = {
			isa = PBXFileSystemSynchronizedRootGroup;
			path = moedict2UITests;
			sourceTree = "<group>";
		};
/* End PBXFileSystemSynchronizedRootGroup section */

/* Begin PBXFrameworksBuildPhase section */
		E9FEF7332CD152C20018E6F0 /* Frameworks */ = {
			isa = PBXFrameworksBuildPhase;
			buildActionMask = 2147483647;
			files = (
				E91118AD2CD1A540007CE9B9 /* PinnedScrollView in Frameworks */,
				E9285C982CD9EAB200074621 /* BigUIPaging in Frameworks */,
				E9285C9E2CD9EC4500074621 /* BigUIPaging in Frameworks */,
				E97BA4C22CD9E6280032A892 /* BigUIPaging in Frameworks */,
				E97169DD2CD9E8670002B1B4 /* BigUIPaging in Frameworks */,
			);
			runOnlyForDeploymentPostprocessing = 0;
		};
		E9FEF7442CD152C30018E6F0 /* Frameworks */ = {
			isa = PBXFrameworksBuildPhase;
			buildActionMask = 2147483647;
			files = (
			);
			runOnlyForDeploymentPostprocessing = 0;
		};
		E9FEF74E2CD152C30018E6F0 /* Frameworks */ = {
			isa = PBXFrameworksBuildPhase;
			buildActionMask = 2147483647;
			files = (
			);
			runOnlyForDeploymentPostprocessing = 0;
		};
/* End PBXFrameworksBuildPhase section */

/* Begin PBXGroup section */
		E9FEF72D2CD152C20018E6F0 = {
			isa = PBXGroup;
			children = (
				E9FE7A2E2CD166C30032EDB8 /* Assets */,
				E9FEF7382CD152C20018E6F0 /* moedict2 */,
				E9FEF74A2CD152C30018E6F0 /* moedict2Tests */,
				E9FEF7542CD152C30018E6F0 /* moedict2UITests */,
				E9FEF7372CD152C20018E6F0 /* Products */,
			);
			sourceTree = "<group>";
		};
		E9FEF7372CD152C20018E6F0 /* Products */ = {
			isa = PBXGroup;
			children = (
				E9FEF7362CD152C20018E6F0 /* moedict2.app */,
				E9FEF7472CD152C30018E6F0 /* moedict2Tests.xctest */,
				E9FEF7512CD152C30018E6F0 /* moedict2UITests.xctest */,
			);
			name = Products;
			sourceTree = "<group>";
		};
/* End PBXGroup section */

/* Begin PBXNativeTarget section */
		E9FEF7352CD152C20018E6F0 /* moedict2 */ = {
			isa = PBXNativeTarget;
			buildConfigurationList = E9FEF75B2CD152C30018E6F0 /* Build configuration list for PBXNativeTarget "moedict2" */;
			buildPhases = (
				E9FEF7322CD152C20018E6F0 /* Sources */,
				E9FEF7332CD152C20018E6F0 /* Frameworks */,
				E9FEF7342CD152C20018E6F0 /* Resources */,
			);
			buildRules = (
			);
			dependencies = (
			);
			fileSystemSynchronizedGroups = (
				E9FE7A2E2CD166C30032EDB8 /* Assets */,
				E9FEF7382CD152C20018E6F0 /* moedict2 */,
			);
			name = moedict2;
			packageProductDependencies = (
				E91118AC2CD1A540007CE9B9 /* PinnedScrollView */,
				E97BA4C12CD9E6280032A892 /* BigUIPaging */,
				E97169DC2CD9E8670002B1B4 /* BigUIPaging */,
				E9285C972CD9EAB200074621 /* BigUIPaging */,
				E9285C9D2CD9EC4500074621 /* BigUIPaging */,
			);
			productName = moedict2;
			productReference = E9FEF7362CD152C20018E6F0 /* moedict2.app */;
			productType = "com.apple.product-type.application";
		};
		E9FEF7462CD152C30018E6F0 /* moedict2Tests */ = {
			isa = PBXNativeTarget;
			buildConfigurationList = E9FEF75E2CD152C30018E6F0 /* Build configuration list for PBXNativeTarget "moedict2Tests" */;
			buildPhases = (
				E9FEF7432CD152C30018E6F0 /* Sources */,
				E9FEF7442CD152C30018E6F0 /* Frameworks */,
				E9FEF7452CD152C30018E6F0 /* Resources */,
			);
			buildRules = (
			);
			dependencies = (
				E9FEF7492CD152C30018E6F0 /* PBXTargetDependency */,
			);
			fileSystemSynchronizedGroups = (
				E9FEF74A2CD152C30018E6F0 /* moedict2Tests */,
			);
			name = moedict2Tests;
			packageProductDependencies = (
			);
			productName = moedict2Tests;
			productReference = E9FEF7472CD152C30018E6F0 /* moedict2Tests.xctest */;
			productType = "com.apple.product-type.bundle.unit-test";
		};
		E9FEF7502CD152C30018E6F0 /* moedict2UITests */ = {
			isa = PBXNativeTarget;
			buildConfigurationList = E9FEF7612CD152C30018E6F0 /* Build configuration list for PBXNativeTarget "moedict2UITests" */;
			buildPhases = (
				E9FEF74D2CD152C30018E6F0 /* Sources */,
				E9FEF74E2CD152C30018E6F0 /* Frameworks */,
				E9FEF74F2CD152C30018E6F0 /* Resources */,
			);
			buildRules = (
			);
			dependencies = (
				E9FEF7532CD152C30018E6F0 /* PBXTargetDependency */,
			);
			fileSystemSynchronizedGroups = (
				E9FEF7542CD152C30018E6F0 /* moedict2UITests */,
			);
			name = moedict2UITests;
			packageProductDependencies = (
			);
			productName = moedict2UITests;
			productReference = E9FEF7512CD152C30018E6F0 /* moedict2UITests.xctest */;
			productType = "com.apple.product-type.bundle.ui-testing";
		};
/* End PBXNativeTarget section */

/* Begin PBXProject section */
		E9FEF72E2CD152C20018E6F0 /* Project object */ = {
			isa = PBXProject;
			attributes = {
				BuildIndependentTargetsInParallel = 1;
				LastSwiftUpdateCheck = 1600;
				LastUpgradeCheck = 1600;
				TargetAttributes = {
					E9FEF7352CD152C20018E6F0 = {
						CreatedOnToolsVersion = 16.0;
					};
					E9FEF7462CD152C30018E6F0 = {
						CreatedOnToolsVersion = 16.0;
						TestTargetID = E9FEF7352CD152C20018E6F0;
					};
					E9FEF7502CD152C30018E6F0 = {
						CreatedOnToolsVersion = 16.0;
						TestTargetID = E9FEF7352CD152C20018E6F0;
					};
				};
			};
			buildConfigurationList = E9FEF7312CD152C20018E6F0 /* Build configuration list for PBXProject "moedict2" */;
			developmentRegion = en;
			hasScannedForEncodings = 0;
			knownRegions = (
				en,
				Base,
			);
			mainGroup = E9FEF72D2CD152C20018E6F0;
			minimizedProjectReferenceProxies = 1;
			packageReferences = (
				E91118AB2CD1A540007CE9B9 /* XCRemoteSwiftPackageReference "PinnedScrollView" */,
				E9285C9C2CD9EC4500074621 /* XCRemoteSwiftPackageReference "BigUIPaging" */,
			);
			preferredProjectObjectVersion = 77;
			productRefGroup = E9FEF7372CD152C20018E6F0 /* Products */;
			projectDirPath = "";
			projectRoot = "";
			targets = (
				E9FEF7352CD152C20018E6F0 /* moedict2 */,
				E9FEF7462CD152C30018E6F0 /* moedict2Tests */,
				E9FEF7502CD152C30018E6F0 /* moedict2UITests */,
			);
		};
/* End PBXProject section */

/* Begin PBXResourcesBuildPhase section */
		E9FEF7342CD152C20018E6F0 /* Resources */ = {
			isa = PBXResourcesBuildPhase;
			buildActionMask = 2147483647;
			files = (
			);
			runOnlyForDeploymentPostprocessing = 0;
		};
		E9FEF7452CD152C30018E6F0 /* Resources */ = {
			isa = PBXResourcesBuildPhase;
			buildActionMask = 2147483647;
			files = (
			);
			runOnlyForDeploymentPostprocessing = 0;
		};
		E9FEF74F2CD152C30018E6F0 /* Resources */ = {
			isa = PBXResourcesBuildPhase;
			buildActionMask = 2147483647;
			files = (
			);
			runOnlyForDeploymentPostprocessing = 0;
		};
/* End PBXResourcesBuildPhase section */

/* Begin PBXSourcesBuildPhase section */
		E9FEF7322CD152C20018E6F0 /* Sources */ = {
			isa = PBXSourcesBuildPhase;
			buildActionMask = 2147483647;
			files = (
			);
			runOnlyForDeploymentPostprocessing = 0;
		};
		E9FEF7432CD152C30018E6F0 /* Sources */ = {
			isa = PBXSourcesBuildPhase;
			buildActionMask = 2147483647;
			files = (
			);
			runOnlyForDeploymentPostprocessing = 0;
		};
		E9FEF74D2CD152C30018E6F0 /* Sources */ = {
			isa = PBXSourcesBuildPhase;
			buildActionMask = 2147483647;
			files = (
			);
			runOnlyForDeploymentPostprocessing = 0;
		};
/* End PBXSourcesBuildPhase section */

/* Begin PBXTargetDependency section */
		E9FEF7492CD152C30018E6F0 /* PBXTargetDependency */ = {
			isa = PBXTargetDependency;
			target = E9FEF7352CD152C20018E6F0 /* moedict2 */;
			targetProxy = E9FEF7482CD152C30018E6F0 /* PBXContainerItemProxy */;
		};
		E9FEF7532CD152C30018E6F0 /* PBXTargetDependency */ = {
			isa = PBXTargetDependency;
			target = E9FEF7352CD152C20018E6F0 /* moedict2 */;
			targetProxy = E9FEF7522CD152C30018E6F0 /* PBXContainerItemProxy */;
		};
/* End PBXTargetDependency section */

/* Begin XCBuildConfiguration section */
		E9FEF7592CD152C30018E6F0 /* Debug */ = {
			isa = XCBuildConfiguration;
			buildSettings = {
				ALWAYS_SEARCH_USER_PATHS = NO;
				ASSETCATALOG_COMPILER_GENERATE_SWIFT_ASSET_SYMBOL_EXTENSIONS = YES;
				CLANG_ANALYZER_NONNULL = YES;
				CLANG_ANALYZER_NUMBER_OBJECT_CONVERSION = YES_AGGRESSIVE;
				CLANG_CXX_LANGUAGE_STANDARD = "gnu++20";
				CLANG_ENABLE_MODULES = YES;
				CLANG_ENABLE_OBJC_ARC = YES;
				CLANG_ENABLE_OBJC_WEAK = YES;
				CLANG_WARN_BLOCK_CAPTURE_AUTORELEASING = YES;
				CLANG_WARN_BOOL_CONVERSION = YES;
				CLANG_WARN_COMMA = YES;
				CLANG_WARN_CONSTANT_CONVERSION = YES;
				CLANG_WARN_DEPRECATED_OBJC_IMPLEMENTATIONS = YES;
				CLANG_WARN_DIRECT_OBJC_ISA_USAGE = YES_ERROR;
				CLANG_WARN_DOCUMENTATION_COMMENTS = YES;
				CLANG_WARN_EMPTY_BODY = YES;
				CLANG_WARN_ENUM_CONVERSION = YES;
				CLANG_WARN_INFINITE_RECURSION = YES;
				CLANG_WARN_INT_CONVERSION = YES;
				CLANG_WARN_NON_LITERAL_NULL_CONVERSION = YES;
				CLANG_WARN_OBJC_IMPLICIT_RETAIN_SELF = YES;
				CLANG_WARN_OBJC_LITERAL_CONVERSION = YES;
				CLANG_WARN_OBJC_ROOT_CLASS = YES_ERROR;
				CLANG_WARN_QUOTED_INCLUDE_IN_FRAMEWORK_HEADER = YES;
				CLANG_WARN_RANGE_LOOP_ANALYSIS = YES;
				CLANG_WARN_STRICT_PROTOTYPES = YES;
				CLANG_WARN_SUSPICIOUS_MOVE = YES;
				CLANG_WARN_UNGUARDED_AVAILABILITY = YES_AGGRESSIVE;
				CLANG_WARN_UNREACHABLE_CODE = YES;
				CLANG_WARN__DUPLICATE_METHOD_MATCH = YES;
				COPY_PHASE_STRIP = NO;
				DEBUG_INFORMATION_FORMAT = dwarf;
				ENABLE_STRICT_OBJC_MSGSEND = YES;
				ENABLE_TESTABILITY = YES;
				ENABLE_USER_SCRIPT_SANDBOXING = YES;
				GCC_C_LANGUAGE_STANDARD = gnu17;
				GCC_DYNAMIC_NO_PIC = NO;
				GCC_NO_COMMON_BLOCKS = YES;
				GCC_OPTIMIZATION_LEVEL = 0;
				GCC_PREPROCESSOR_DEFINITIONS = (
					"DEBUG=1",
					"$(inherited)",
				);
				GCC_WARN_64_TO_32_BIT_CONVERSION = YES;
				GCC_WARN_ABOUT_RETURN_TYPE = YES_ERROR;
				GCC_WARN_UNDECLARED_SELECTOR = YES;
				GCC_WARN_UNINITIALIZED_AUTOS = YES_AGGRESSIVE;
				GCC_WARN_UNUSED_FUNCTION = YES;
				GCC_WARN_UNUSED_VARIABLE = YES;
				LOCALIZATION_PREFERS_STRING_CATALOGS = YES;
				MTL_ENABLE_DEBUG_INFO = INCLUDE_SOURCE;
				MTL_FAST_MATH = YES;
				ONLY_ACTIVE_ARCH = YES;
				SWIFT_ACTIVE_COMPILATION_CONDITIONS = "DEBUG $(inherited)";
				SWIFT_OPTIMIZATION_LEVEL = "-Onone";
			};
			name = Debug;
		};
		E9FEF75A2CD152C30018E6F0 /* Release */ = {
			isa = XCBuildConfiguration;
			buildSettings = {
				ALWAYS_SEARCH_USER_PATHS = NO;
				ASSETCATALOG_COMPILER_GENERATE_SWIFT_ASSET_SYMBOL_EXTENSIONS = YES;
				CLANG_ANALYZER_NONNULL = YES;
				CLANG_ANALYZER_NUMBER_OBJECT_CONVERSION = YES_AGGRESSIVE;
				CLANG_CXX_LANGUAGE_STANDARD = "gnu++20";
				CLANG_ENABLE_MODULES = YES;
				CLANG_ENABLE_OBJC_ARC = YES;
				CLANG_ENABLE_OBJC_WEAK = YES;
				CLANG_WARN_BLOCK_CAPTURE_AUTORELEASING = YES;
				CLANG_WARN_BOOL_CONVERSION = YES;
				CLANG_WARN_COMMA = YES;
				CLANG_WARN_CONSTANT_CONVERSION = YES;
				CLANG_WARN_DEPRECATED_OBJC_IMPLEMENTATIONS = YES;
				CLANG_WARN_DIRECT_OBJC_ISA_USAGE = YES_ERROR;
				CLANG_WARN_DOCUMENTATION_COMMENTS = YES;
				CLANG_WARN_EMPTY_BODY = YES;
				CLANG_WARN_ENUM_CONVERSION = YES;
				CLANG_WARN_INFINITE_RECURSION = YES;
				CLANG_WARN_INT_CONVERSION = YES;
				CLANG_WARN_NON_LITERAL_NULL_CONVERSION = YES;
				CLANG_WARN_OBJC_IMPLICIT_RETAIN_SELF = YES;
				CLANG_WARN_OBJC_LITERAL_CONVERSION = YES;
				CLANG_WARN_OBJC_ROOT_CLASS = YES_ERROR;
				CLANG_WARN_QUOTED_INCLUDE_IN_FRAMEWORK_HEADER = YES;
				CLANG_WARN_RANGE_LOOP_ANALYSIS = YES;
				CLANG_WARN_STRICT_PROTOTYPES = YES;
				CLANG_WARN_SUSPICIOUS_MOVE = YES;
				CLANG_WARN_UNGUARDED_AVAILABILITY = YES_AGGRESSIVE;
				CLANG_WARN_UNREACHABLE_CODE = YES;
				CLANG_WARN__DUPLICATE_METHOD_MATCH = YES;
				COPY_PHASE_STRIP = NO;
				DEBUG_INFORMATION_FORMAT = "dwarf-with-dsym";
				ENABLE_NS_ASSERTIONS = NO;
				ENABLE_STRICT_OBJC_MSGSEND = YES;
				ENABLE_USER_SCRIPT_SANDBOXING = YES;
				GCC_C_LANGUAGE_STANDARD = gnu17;
				GCC_NO_COMMON_BLOCKS = YES;
				GCC_WARN_64_TO_32_BIT_CONVERSION = YES;
				GCC_WARN_ABOUT_RETURN_TYPE = YES_ERROR;
				GCC_WARN_UNDECLARED_SELECTOR = YES;
				GCC_WARN_UNINITIALIZED_AUTOS = YES_AGGRESSIVE;
				GCC_WARN_UNUSED_FUNCTION = YES;
				GCC_WARN_UNUSED_VARIABLE = YES;
				LOCALIZATION_PREFERS_STRING_CATALOGS = YES;
				MTL_ENABLE_DEBUG_INFO = NO;
				MTL_FAST_MATH = YES;
				SWIFT_COMPILATION_MODE = wholemodule;
			};
			name = Release;
		};
		E9FEF75C2CD152C30018E6F0 /* Debug */ = {
			isa = XCBuildConfiguration;
			buildSettings = {
				ASSETCATALOG_COMPILER_APPICON_NAME = AppIcon;
				ASSETCATALOG_COMPILER_GLOBAL_ACCENT_COLOR_NAME = AccentColor;
				CODE_SIGN_ENTITLEMENTS = moedict2/moedict2.entitlements;
				CODE_SIGN_STYLE = Automatic;
				CURRENT_PROJECT_VERSION = 1;
				DEVELOPMENT_ASSET_PATHS = "\"moedict2/Preview Content\"";
				DEVELOPMENT_TEAM = 59Z35DMJ65;
				ENABLE_HARDENED_RUNTIME = YES;
				ENABLE_PREVIEWS = YES;
				GENERATE_INFOPLIST_FILE = YES;
				INFOPLIST_FILE = moedict2/Info.plist;
				INFOPLIST_KEY_CFBundleDisplayName = "萌典2.0";
				INFOPLIST_KEY_LSApplicationCategoryType = "public.app-category.reference";
				"INFOPLIST_KEY_UIApplicationSceneManifest_Generation[sdk=iphoneos*]" = YES;
				"INFOPLIST_KEY_UIApplicationSceneManifest_Generation[sdk=iphonesimulator*]" = YES;
				"INFOPLIST_KEY_UIApplicationSupportsIndirectInputEvents[sdk=iphoneos*]" = YES;
				"INFOPLIST_KEY_UIApplicationSupportsIndirectInputEvents[sdk=iphonesimulator*]" = YES;
				"INFOPLIST_KEY_UILaunchScreen_Generation[sdk=iphoneos*]" = YES;
				"INFOPLIST_KEY_UILaunchScreen_Generation[sdk=iphonesimulator*]" = YES;
				"INFOPLIST_KEY_UIStatusBarStyle[sdk=iphoneos*]" = UIStatusBarStyleDefault;
				"INFOPLIST_KEY_UIStatusBarStyle[sdk=iphonesimulator*]" = UIStatusBarStyleDefault;
				INFOPLIST_KEY_UISupportedInterfaceOrientations_iPad = "UIInterfaceOrientationPortrait UIInterfaceOrientationPortraitUpsideDown UIInterfaceOrientationLandscapeLeft UIInterfaceOrientationLandscapeRight";
				INFOPLIST_KEY_UISupportedInterfaceOrientations_iPhone = "UIInterfaceOrientationPortrait UIInterfaceOrientationLandscapeLeft UIInterfaceOrientationLandscapeRight";
				IPHONEOS_DEPLOYMENT_TARGET = 17.0;
				LD_RUNPATH_SEARCH_PATHS = "@executable_path/Frameworks";
				"LD_RUNPATH_SEARCH_PATHS[sdk=macosx*]" = "@executable_path/../Frameworks";
				MACOSX_DEPLOYMENT_TARGET = 15.0;
				MARKETING_VERSION = 0.81;
				PRODUCT_BUNDLE_IDENTIFIER = com.hongyinull.moedict2;
				PRODUCT_NAME = "$(TARGET_NAME)";
				SDKROOT = auto;
				SUPPORTED_PLATFORMS = "iphoneos iphonesimulator macosx xros xrsimulator";
				SUPPORTS_MACCATALYST = NO;
				SUPPORTS_MAC_DESIGNED_FOR_IPHONE_IPAD = YES;
				SWIFT_EMIT_LOC_STRINGS = YES;
				SWIFT_VERSION = 5.0;
				TARGETED_DEVICE_FAMILY = "1,2,7";
				XROS_DEPLOYMENT_TARGET = 2.0;
			};
			name = Debug;
		};
		E9FEF75D2CD152C30018E6F0 /* Release */ = {
			isa = XCBuildConfiguration;
			buildSettings = {
				ASSETCATALOG_COMPILER_APPICON_NAME = AppIcon;
				ASSETCATALOG_COMPILER_GLOBAL_ACCENT_COLOR_NAME = AccentColor;
				CODE_SIGN_ENTITLEMENTS = moedict2/moedict2.entitlements;
				CODE_SIGN_STYLE = Automatic;
				CURRENT_PROJECT_VERSION = 1;
				DEVELOPMENT_ASSET_PATHS = "\"moedict2/Preview Content\"";
				DEVELOPMENT_TEAM = 59Z35DMJ65;
				ENABLE_HARDENED_RUNTIME = YES;
				ENABLE_PREVIEWS = YES;
				GENERATE_INFOPLIST_FILE = YES;
				INFOPLIST_FILE = moedict2/Info.plist;
				INFOPLIST_KEY_CFBundleDisplayName = "萌典2.0";
				INFOPLIST_KEY_LSApplicationCategoryType = "public.app-category.reference";
				"INFOPLIST_KEY_UIApplicationSceneManifest_Generation[sdk=iphoneos*]" = YES;
				"INFOPLIST_KEY_UIApplicationSceneManifest_Generation[sdk=iphonesimulator*]" = YES;
				"INFOPLIST_KEY_UIApplicationSupportsIndirectInputEvents[sdk=iphoneos*]" = YES;
				"INFOPLIST_KEY_UIApplicationSupportsIndirectInputEvents[sdk=iphonesimulator*]" = YES;
				"INFOPLIST_KEY_UILaunchScreen_Generation[sdk=iphoneos*]" = YES;
				"INFOPLIST_KEY_UILaunchScreen_Generation[sdk=iphonesimulator*]" = YES;
				"INFOPLIST_KEY_UIStatusBarStyle[sdk=iphoneos*]" = UIStatusBarStyleDefault;
				"INFOPLIST_KEY_UIStatusBarStyle[sdk=iphonesimulator*]" = UIStatusBarStyleDefault;
				INFOPLIST_KEY_UISupportedInterfaceOrientations_iPad = "UIInterfaceOrientationPortrait UIInterfaceOrientationPortraitUpsideDown UIInterfaceOrientationLandscapeLeft UIInterfaceOrientationLandscapeRight";
				INFOPLIST_KEY_UISupportedInterfaceOrientations_iPhone = "UIInterfaceOrientationPortrait UIInterfaceOrientationLandscapeLeft UIInterfaceOrientationLandscapeRight";
				IPHONEOS_DEPLOYMENT_TARGET = 17.0;
				LD_RUNPATH_SEARCH_PATHS = "@executable_path/Frameworks";
				"LD_RUNPATH_SEARCH_PATHS[sdk=macosx*]" = "@executable_path/../Frameworks";
				MACOSX_DEPLOYMENT_TARGET = 15.0;
				MARKETING_VERSION = 0.81;
				PRODUCT_BUNDLE_IDENTIFIER = com.hongyinull.moedict2;
				PRODUCT_NAME = "$(TARGET_NAME)";
				SDKROOT = auto;
				SUPPORTED_PLATFORMS = "iphoneos iphonesimulator macosx xros xrsimulator";
				SUPPORTS_MACCATALYST = NO;
				SUPPORTS_MAC_DESIGNED_FOR_IPHONE_IPAD = YES;
				SWIFT_EMIT_LOC_STRINGS = YES;
				SWIFT_VERSION = 5.0;
				TARGETED_DEVICE_FAMILY = "1,2,7";
				XROS_DEPLOYMENT_TARGET = 2.0;
			};
			name = Release;
		};
		E9FEF75F2CD152C30018E6F0 /* Debug */ = {
			isa = XCBuildConfiguration;
			buildSettings = {
				BUNDLE_LOADER = "$(TEST_HOST)";
				CODE_SIGN_STYLE = Automatic;
				CURRENT_PROJECT_VERSION = 1;
				DEVELOPMENT_TEAM = 59Z35DMJ65;
				GENERATE_INFOPLIST_FILE = YES;
				IPHONEOS_DEPLOYMENT_TARGET = 18.0;
				MACOSX_DEPLOYMENT_TARGET = 15.0;
				MARKETING_VERSION = 1.0;
				PRODUCT_BUNDLE_IDENTIFIER = com.hongyinull.moedict2Tests;
				PRODUCT_NAME = "$(TARGET_NAME)";
				SDKROOT = auto;
				SUPPORTED_PLATFORMS = "iphoneos iphonesimulator macosx xros xrsimulator";
				SWIFT_EMIT_LOC_STRINGS = NO;
				SWIFT_VERSION = 5.0;
				TARGETED_DEVICE_FAMILY = "1,2,7";
				TEST_HOST = "$(BUILT_PRODUCTS_DIR)/moedict2.app/$(BUNDLE_EXECUTABLE_FOLDER_PATH)/moedict2";
				XROS_DEPLOYMENT_TARGET = 2.0;
			};
			name = Debug;
		};
		E9FEF7602CD152C30018E6F0 /* Release */ = {
			isa = XCBuildConfiguration;
			buildSettings = {
				BUNDLE_LOADER = "$(TEST_HOST)";
				CODE_SIGN_STYLE = Automatic;
				CURRENT_PROJECT_VERSION = 1;
				DEVELOPMENT_TEAM = 59Z35DMJ65;
				GENERATE_INFOPLIST_FILE = YES;
				IPHONEOS_DEPLOYMENT_TARGET = 18.0;
				MACOSX_DEPLOYMENT_TARGET = 15.0;
				MARKETING_VERSION = 1.0;
				PRODUCT_BUNDLE_IDENTIFIER = com.hongyinull.moedict2Tests;
				PRODUCT_NAME = "$(TARGET_NAME)";
				SDKROOT = auto;
				SUPPORTED_PLATFORMS = "iphoneos iphonesimulator macosx xros xrsimulator";
				SWIFT_EMIT_LOC_STRINGS = NO;
				SWIFT_VERSION = 5.0;
				TARGETED_DEVICE_FAMILY = "1,2,7";
				TEST_HOST = "$(BUILT_PRODUCTS_DIR)/moedict2.app/$(BUNDLE_EXECUTABLE_FOLDER_PATH)/moedict2";
				XROS_DEPLOYMENT_TARGET = 2.0;
			};
			name = Release;
		};
		E9FEF7622CD152C30018E6F0 /* Debug */ = {
			isa = XCBuildConfiguration;
			buildSettings = {
				CODE_SIGN_STYLE = Automatic;
				CURRENT_PROJECT_VERSION = 1;
				DEVELOPMENT_TEAM = 59Z35DMJ65;
				GENERATE_INFOPLIST_FILE = YES;
				IPHONEOS_DEPLOYMENT_TARGET = 18.0;
				MACOSX_DEPLOYMENT_TARGET = 15.0;
				MARKETING_VERSION = 1.0;
				PRODUCT_BUNDLE_IDENTIFIER = com.hongyinull.moedict2UITests;
				PRODUCT_NAME = "$(TARGET_NAME)";
				SDKROOT = auto;
				SUPPORTED_PLATFORMS = "iphoneos iphonesimulator macosx xros xrsimulator";
				SWIFT_EMIT_LOC_STRINGS = NO;
				SWIFT_VERSION = 5.0;
				TARGETED_DEVICE_FAMILY = "1,2,7";
				TEST_TARGET_NAME = moedict2;
				XROS_DEPLOYMENT_TARGET = 2.0;
			};
			name = Debug;
		};
		E9FEF7632CD152C30018E6F0 /* Release */ = {
			isa = XCBuildConfiguration;
			buildSettings = {
				CODE_SIGN_STYLE = Automatic;
				CURRENT_PROJECT_VERSION = 1;
				DEVELOPMENT_TEAM = 59Z35DMJ65;
				GENERATE_INFOPLIST_FILE = YES;
				IPHONEOS_DEPLOYMENT_TARGET = 18.0;
				MACOSX_DEPLOYMENT_TARGET = 15.0;
				MARKETING_VERSION = 1.0;
				PRODUCT_BUNDLE_IDENTIFIER = com.hongyinull.moedict2UITests;
				PRODUCT_NAME = "$(TARGET_NAME)";
				SDKROOT = auto;
				SUPPORTED_PLATFORMS = "iphoneos iphonesimulator macosx xros xrsimulator";
				SWIFT_EMIT_LOC_STRINGS = NO;
				SWIFT_VERSION = 5.0;
				TARGETED_DEVICE_FAMILY = "1,2,7";
				TEST_TARGET_NAME = moedict2;
				XROS_DEPLOYMENT_TARGET = 2.0;
			};
			name = Release;
		};
/* End XCBuildConfiguration section */

/* Begin XCConfigurationList section */
		E9FEF7312CD152C20018E6F0 /* Build configuration list for PBXProject "moedict2" */ = {
			isa = XCConfigurationList;
			buildConfigurations = (
				E9FEF7592CD152C30018E6F0 /* Debug */,
				E9FEF75A2CD152C30018E6F0 /* Release */,
			);
			defaultConfigurationIsVisible = 0;
			defaultConfigurationName = Release;
		};
		E9FEF75B2CD152C30018E6F0 /* Build configuration list for PBXNativeTarget "moedict2" */ = {
			isa = XCConfigurationList;
			buildConfigurations = (
				E9FEF75C2CD152C30018E6F0 /* Debug */,
				E9FEF75D2CD152C30018E6F0 /* Release */,
			);
			defaultConfigurationIsVisible = 0;
			defaultConfigurationName = Release;
		};
		E9FEF75E2CD152C30018E6F0 /* Build configuration list for PBXNativeTarget "moedict2Tests" */ = {
			isa = XCConfigurationList;
			buildConfigurations = (
				E9FEF75F2CD152C30018E6F0 /* Debug */,
				E9FEF7602CD152C30018E6F0 /* Release */,
			);
			defaultConfigurationIsVisible = 0;
			defaultConfigurationName = Release;
		};
		E9FEF7612CD152C30018E6F0 /* Build configuration list for PBXNativeTarget "moedict2UITests" */ = {
			isa = XCConfigurationList;
			buildConfigurations = (
				E9FEF7622CD152C30018E6F0 /* Debug */,
				E9FEF7632CD152C30018E6F0 /* Release */,
			);
			defaultConfigurationIsVisible = 0;
			defaultConfigurationName = Release;
		};
/* End XCConfigurationList section */

/* Begin XCRemoteSwiftPackageReference section */
		E91118AB2CD1A540007CE9B9 /* XCRemoteSwiftPackageReference "PinnedScrollView" */ = {
			isa = XCRemoteSwiftPackageReference;
			repositoryURL = "https://github.com/Lumisilk/PinnedScrollView";
			requirement = {
				kind = upToNextMajorVersion;
				minimumVersion = 1.0.0;
			};
		};
		E9285C9C2CD9EC4500074621 /* XCRemoteSwiftPackageReference "BigUIPaging" */ = {
			isa = XCRemoteSwiftPackageReference;
			repositoryURL = "https://github.com/hongyinull/BigUIPaging";
			requirement = {
				kind = upToNextMajorVersion;
				minimumVersion = 0.0.3;
			};
		};
/* End XCRemoteSwiftPackageReference section */

/* Begin XCSwiftPackageProductDependency section */
		E91118AC2CD1A540007CE9B9 /* PinnedScrollView */ = {
			isa = XCSwiftPackageProductDependency;
			package = E91118AB2CD1A540007CE9B9 /* XCRemoteSwiftPackageReference "PinnedScrollView" */;
			productName = PinnedScrollView;
		};
		E9285C972CD9EAB200074621 /* BigUIPaging */ = {
			isa = XCSwiftPackageProductDependency;
			productName = BigUIPaging;
		};
		E9285C9D2CD9EC4500074621 /* BigUIPaging */ = {
			isa = XCSwiftPackageProductDependency;
			package = E9285C9C2CD9EC4500074621 /* XCRemoteSwiftPackageReference "BigUIPaging" */;
			productName = BigUIPaging;
		};
		E97169DC2CD9E8670002B1B4 /* BigUIPaging */ = {
			isa = XCSwiftPackageProductDependency;
			productName = BigUIPaging;
		};
		E97BA4C12CD9E6280032A892 /* BigUIPaging */ = {
			isa = XCSwiftPackageProductDependency;
			productName = BigUIPaging;
		};
/* End XCSwiftPackageProductDependency section */
	};
	rootObject = E9FEF72E2CD152C20018E6F0 /* Project object */;
}
