{
  "originHash" : "29a924fb0833c66f06cb662c256535f9dc499a6d0c9e76bbb28d6d6241a8b93e",
  "pins" : [
    {
      "identity" : "biguipaging",
      "kind" : "remoteSourceControl",
      "location" : "https://github.com/hongyinull/BigUIPaging",
      "state" : {
        "revision" : "40fa6e1683bd47b962e216c05377bfd1b8f760de",
        "version" : "0.0.3"
      }
    },
    {
      "identity" : "pinnedscrollview",
      "kind" : "remoteSourceControl",
      "location" : "https://github.com/Lumisilk/PinnedScrollView.git",
      "state" : {
        "revision" : "cf8311e65c12b8a6991c83cb5e98a804cd232231",
        "version" : "1.0.0"
      }
    }
  ],
  "version" : 3
}
